{
  "name": "intro-to-prisma2",
  "version": "1.0.0",
  "lockfileVersion": 1,
  "requires": true,
  "dependencies": {
    "@prisma/client": {
      "version": "2.0.0-preview020.3",
      "resolved": "https://registry.npmjs.org/@prisma/client/-/client-2.0.0-preview020.3.tgz",
      "integrity": "sha512-W+CXyj8Z1UFpWXDMMUTql2QdtxfDrNKYa2F7jdU/Qb5PKBankmQeDlUSWfBNWAoTHUREQ5Q+gGOFRVoHfMvaow=="
    }
  }
}
